
Microsoft Visual Studio Solution File, Format Version 12.00
# Visual Studio Version 17
VisualStudioVersion = 17.9.34622.214
MinimumVisualStudioVersion = 10.0.40219.1
Project("{FAE04EC0-301F-11D3-BF4B-00C04F79EFBC}") = "MvcParts", "MvcParts\MvcParts.csproj", "{0621A09E-44C7-42B7-8FB1-A8F19B478622}"
EndProject
Project("{9A19103F-16F7-4668-BE54-9A1E7A4F7556}") = "MvcMovie", "..\MvcMovie\MvcMovie\MvcMovie.csproj", "{CA061837-9B1E-4939-B5F9-29697B2EF13B}"
EndProject
Global
	GlobalSection(SolutionConfigurationPlatforms) = preSolution
		Debug|Any CPU = Debug|Any CPU
		Release|Any CPU = Release|Any CPU
	EndGlobalSection
	GlobalSection(ProjectConfigurationPlatforms) = postSolution
		{0621A09E-44C7-42B7-8FB1-A8F19B478622}.Debug|Any CPU.ActiveCfg = Debug|Any CPU
		{0621A09E-44C7-42B7-8FB1-A8F19B478622}.Debug|Any CPU.Build.0 = Debug|Any CPU
		{0621A09E-44C7-42B7-8FB1-A8F19B478622}.Release|Any CPU.ActiveCfg = Release|Any CPU
		{0621A09E-44C7-42B7-8FB1-A8F19B478622}.Release|Any CPU.Build.0 = Release|Any CPU
		{CA061837-9B1E-4939-B5F9-29697B2EF13B}.Debug|Any CPU.ActiveCfg = Debug|Any CPU
		{CA061837-9B1E-4939-B5F9-29697B2EF13B}.Debug|Any CPU.Build.0 = Debug|Any CPU
		{CA061837-9B1E-4939-B5F9-29697B2EF13B}.Release|Any CPU.ActiveCfg = Release|Any CPU
		{CA061837-9B1E-4939-B5F9-29697B2EF13B}.Release|Any CPU.Build.0 = Release|Any CPU
	EndGlobalSection
	GlobalSection(SolutionProperties) = preSolution
		HideSolutionNode = FALSE
	EndGlobalSection
	GlobalSection(ExtensibilityGlobals) = postSolution
		SolutionGuid = {29D38ADC-E2E1-401D-8D76-4078C5FF35DE}
	EndGlobalSection
EndGlobal
